
Microsoft Visual Studio Solution File, Format Version 12.00
# Visual Studio Version 16
VisualStudioVersion = 16.0.31321.278
MinimumVisualStudioVersion = 10.0.40219.1
Project("{9A19103F-16F7-4668-BE54-9A1E7A4F7556}") = "Intership", "Intership\Intership.csproj", "{EADF03C7-A945-4355-91C2-F22C5A900F7B}"
EndProject
Project("{FAE04EC0-301F-11D3-BF4B-00C04F79EFBC}") = "Intership.Abstracts", "Intership.Abstracts1\Intership.Abstracts.csproj", "{3C64795B-FC12-4822-A4AD-3CA8C1C40138}"
EndProject
Project("{FAE04EC0-301F-11D3-BF4B-00C04F79EFBC}") = "Intership.Data", "Intership.Data1\Intership.Data.csproj", "{83CFC5EF-C7AB-43EC-B88C-3D7584CAE769}"
EndProject
Project("{FAE04EC0-301F-11D3-BF4B-00C04F79EFBC}") = "Intership.LoggerService", "Intership.LoggerService1\Intership.LoggerService.csproj", "{7A432842-FF61-425E-9149-C717DC2A5DAB}"
EndProject
Project("{FAE04EC0-301F-11D3-BF4B-00C04F79EFBC}") = "Intership.Models", "Intership.Models1\Intership.Models.csproj", "{1DF70BB3-1BFA-4F4C-94CD-5276F072E23A}"
EndProject
Global
	GlobalSection(SolutionConfigurationPlatforms) = preSolution
		Debug|Any CPU = Debug|Any CPU
		Release|Any CPU = Release|Any CPU
	EndGlobalSection
	GlobalSection(ProjectConfigurationPlatforms) = postSolution
		{EADF03C7-A945-4355-91C2-F22C5A900F7B}.Debug|Any CPU.ActiveCfg = Debug|Any CPU
		{EADF03C7-A945-4355-91C2-F22C5A900F7B}.Debug|Any CPU.Build.0 = Debug|Any CPU
		{EADF03C7-A945-4355-91C2-F22C5A900F7B}.Release|Any CPU.ActiveCfg = Release|Any CPU
		{EADF03C7-A945-4355-91C2-F22C5A900F7B}.Release|Any CPU.Build.0 = Release|Any CPU
		{3C64795B-FC12-4822-A4AD-3CA8C1C40138}.Debug|Any CPU.ActiveCfg = Debug|Any CPU
		{3C64795B-FC12-4822-A4AD-3CA8C1C40138}.Debug|Any CPU.Build.0 = Debug|Any CPU
		{3C64795B-FC12-4822-A4AD-3CA8C1C40138}.Release|Any CPU.ActiveCfg = Release|Any CPU
		{3C64795B-FC12-4822-A4AD-3CA8C1C40138}.Release|Any CPU.Build.0 = Release|Any CPU
		{83CFC5EF-C7AB-43EC-B88C-3D7584CAE769}.Debug|Any CPU.ActiveCfg = Debug|Any CPU
		{83CFC5EF-C7AB-43EC-B88C-3D7584CAE769}.Debug|Any CPU.Build.0 = Debug|Any CPU
		{83CFC5EF-C7AB-43EC-B88C-3D7584CAE769}.Release|Any CPU.ActiveCfg = Release|Any CPU
		{83CFC5EF-C7AB-43EC-B88C-3D7584CAE769}.Release|Any CPU.Build.0 = Release|Any CPU
		{7A432842-FF61-425E-9149-C717DC2A5DAB}.Debug|Any CPU.ActiveCfg = Debug|Any CPU
		{7A432842-FF61-425E-9149-C717DC2A5DAB}.Debug|Any CPU.Build.0 = Debug|Any CPU
		{7A432842-FF61-425E-9149-C717DC2A5DAB}.Release|Any CPU.ActiveCfg = Release|Any CPU
		{7A432842-FF61-425E-9149-C717DC2A5DAB}.Release|Any CPU.Build.0 = Release|Any CPU
		{1DF70BB3-1BFA-4F4C-94CD-5276F072E23A}.Debug|Any CPU.ActiveCfg = Debug|Any CPU
		{1DF70BB3-1BFA-4F4C-94CD-5276F072E23A}.Debug|Any CPU.Build.0 = Debug|Any CPU
		{1DF70BB3-1BFA-4F4C-94CD-5276F072E23A}.Release|Any CPU.ActiveCfg = Release|Any CPU
		{1DF70BB3-1BFA-4F4C-94CD-5276F072E23A}.Release|Any CPU.Build.0 = Release|Any CPU
	EndGlobalSection
	GlobalSection(SolutionProperties) = preSolution
		HideSolutionNode = FALSE
	EndGlobalSection
	GlobalSection(ExtensibilityGlobals) = postSolution
		SolutionGuid = {AF842DB1-FB56-40E1-9560-5BD35F3C8806}
	EndGlobalSection
EndGlobal
